
Microsoft Visual Studio Solution File, Format Version 12.00
# Visual Studio Version 16
VisualStudioVersion = 16.0.30717.126
MinimumVisualStudioVersion = 10.0.40219.1
Project("{FAE04EC0-301F-11D3-BF4B-00C04F79EFBC}") = "DoctorsOffice", "DoctorsOffice\DoctorsOffice.csproj", "{7E5EBC11-99B8-4BA5-B555-338F35F663EF}"
EndProject
Global
	GlobalSection(SolutionConfigurationPlatforms) = preSolution
		Debug|Any CPU = Debug|Any CPU
		Release|Any CPU = Release|Any CPU
	EndGlobalSection
	GlobalSection(ProjectConfigurationPlatforms) = postSolution
		{7E5EBC11-99B8-4BA5-B555-338F35F663EF}.Debug|Any CPU.ActiveCfg = Debug|Any CPU
		{7E5EBC11-99B8-4BA5-B555-338F35F663EF}.Debug|Any CPU.Build.0 = Debug|Any CPU
		{7E5EBC11-99B8-4BA5-B555-338F35F663EF}.Release|Any CPU.ActiveCfg = Release|Any CPU
		{7E5EBC11-99B8-4BA5-B555-338F35F663EF}.Release|Any CPU.Build.0 = Release|Any CPU
	EndGlobalSection
	GlobalSection(SolutionProperties) = preSolution
		HideSolutionNode = FALSE
	EndGlobalSection
	GlobalSection(ExtensibilityGlobals) = postSolution
		SolutionGuid = {D518C748-1404-4471-BCC4-5A4E1163CD30}
	EndGlobalSection
EndGlobal
